
Microsoft Visual Studio Solution File, Format Version 12.00
# Visual Studio Version 17
VisualStudioVersion = 17.10.34916.146
MinimumVisualStudioVersion = 10.0.40219.1
Project("{8BC9CEB8-8B4A-11D0-8D11-00A0C91BC942}") = "biquadWrapper", "biquadWrapper.vcxproj", "{AAB7BB9A-9B81-31C2-B8E4-30D8C6CFD657}"
EndProject
Global
	GlobalSection(SolutionConfigurationPlatforms) = preSolution
		Debug|Any CPU = Debug|Any CPU
		Debug|x64 = Debug|x64
		MinSizeRel|Any CPU = MinSizeRel|Any CPU
		MinSizeRel|x64 = MinSizeRel|x64
		Release|Any CPU = Release|Any CPU
		Release|x64 = Release|x64
		RelWithDebInfo|Any CPU = RelWithDebInfo|Any CPU
		RelWithDebInfo|x64 = RelWithDebInfo|x64
	EndGlobalSection
	GlobalSection(ProjectConfigurationPlatforms) = postSolution
		{AAB7BB9A-9B81-31C2-B8E4-30D8C6CFD657}.Debug|Any CPU.ActiveCfg = Debug|x64
		{AAB7BB9A-9B81-31C2-B8E4-30D8C6CFD657}.Debug|Any CPU.Build.0 = Debug|x64
		{AAB7BB9A-9B81-31C2-B8E4-30D8C6CFD657}.Debug|x64.ActiveCfg = Debug|x64
		{AAB7BB9A-9B81-31C2-B8E4-30D8C6CFD657}.Debug|x64.Build.0 = Debug|x64
		{AAB7BB9A-9B81-31C2-B8E4-30D8C6CFD657}.MinSizeRel|Any CPU.ActiveCfg = MinSizeRel|x64
		{AAB7BB9A-9B81-31C2-B8E4-30D8C6CFD657}.MinSizeRel|Any CPU.Build.0 = MinSizeRel|x64
		{AAB7BB9A-9B81-31C2-B8E4-30D8C6CFD657}.MinSizeRel|x64.ActiveCfg = MinSizeRel|x64
		{AAB7BB9A-9B81-31C2-B8E4-30D8C6CFD657}.MinSizeRel|x64.Build.0 = MinSizeRel|x64
		{AAB7BB9A-9B81-31C2-B8E4-30D8C6CFD657}.Release|Any CPU.ActiveCfg = Release|x64
		{AAB7BB9A-9B81-31C2-B8E4-30D8C6CFD657}.Release|Any CPU.Build.0 = Release|x64
		{AAB7BB9A-9B81-31C2-B8E4-30D8C6CFD657}.Release|x64.ActiveCfg = Release|x64
		{AAB7BB9A-9B81-31C2-B8E4-30D8C6CFD657}.Release|x64.Build.0 = Release|x64
		{AAB7BB9A-9B81-31C2-B8E4-30D8C6CFD657}.RelWithDebInfo|Any CPU.ActiveCfg = RelWithDebInfo|x64
		{AAB7BB9A-9B81-31C2-B8E4-30D8C6CFD657}.RelWithDebInfo|Any CPU.Build.0 = RelWithDebInfo|x64
		{AAB7BB9A-9B81-31C2-B8E4-30D8C6CFD657}.RelWithDebInfo|x64.ActiveCfg = RelWithDebInfo|x64
		{AAB7BB9A-9B81-31C2-B8E4-30D8C6CFD657}.RelWithDebInfo|x64.Build.0 = RelWithDebInfo|x64
	EndGlobalSection
	GlobalSection(SolutionProperties) = preSolution
		HideSolutionNode = FALSE
	EndGlobalSection
	GlobalSection(ExtensibilityGlobals) = postSolution
		SolutionGuid = {9D86DBD3-90EE-3D6D-9234-DF3C8FDA2F5F}
	EndGlobalSection
EndGlobal
